
Microsoft Visual Studio Solution File, Format Version 12.00
# Visual Studio 15
VisualStudioVersion = 15.0.28307.572
MinimumVisualStudioVersion = 10.0.40219.1
Project("{9A19103F-16F7-4668-BE54-9A1E7A4F7556}") = "CM", "CM.csproj", "{5EA5CF46-F630-4E1D-A03F-3DA6C4CAD56D}"
EndProject
Global
	GlobalSection(SolutionConfigurationPlatforms) = preSolution
		Debug|Any CPU = Debug|Any CPU
		Release|Any CPU = Release|Any CPU
	EndGlobalSection
	GlobalSection(ProjectConfigurationPlatforms) = postSolution
		{5EA5CF46-F630-4E1D-A03F-3DA6C4CAD56D}.Debug|Any CPU.ActiveCfg = Debug|Any CPU
		{5EA5CF46-F630-4E1D-A03F-3DA6C4CAD56D}.Debug|Any CPU.Build.0 = Debug|Any CPU
		{5EA5CF46-F630-4E1D-A03F-3DA6C4CAD56D}.Release|Any CPU.ActiveCfg = Release|Any CPU
		{5EA5CF46-F630-4E1D-A03F-3DA6C4CAD56D}.Release|Any CPU.Build.0 = Release|Any CPU
	EndGlobalSection
	GlobalSection(SolutionProperties) = preSolution
		HideSolutionNode = FALSE
	EndGlobalSection
	GlobalSection(ExtensibilityGlobals) = postSolution
		SolutionGuid = {E1D1A871-4907-41B8-AE19-F4160E42DAD3}
	EndGlobalSection
EndGlobal
